<?xml version="1.0" encoding="utf-8"?>
<Project ToolsVersion="4.0" xmlns="http://schemas.microsoft.com/developer/msbuild/2003">
  <ItemGroup>
    <Filter Include="源文件">
      <UniqueIdentifier>{4FC737F1-C7A5-4376-A066-2A32D752A2FF}</UniqueIdentifier>
      <Extensions>cpp;c;cc;cxx;c++;cppm;ixx;def;odl;idl;hpj;bat;asm;asmx</Extensions>
    </Filter>
    <Filter Include="头文件">
      <UniqueIdentifier>{93995380-89BD-4b04-88EB-625FBE52EBFB}</UniqueIdentifier>
      <Extensions>h;hh;hpp;hxx;h++;hm;inl;inc;ipp;xsd</Extensions>
    </Filter>
    <Filter Include="资源文件">
      <UniqueIdentifier>{67DA6AB6-F800-4c08-8B7A-83BB121AAD01}</UniqueIdentifier>
      <Extensions>rc;ico;cur;bmp;dlg;rc2;rct;bin;rgs;gif;jpg;jpeg;jpe;resx;tiff;tif;png;wav;mfcribbon-ms</Extensions>
    </Filter>
  </ItemGroup>
  <ItemGroup>
    <ClCompile Include="1.B.c">
      <Filter>源文件</Filter>
    </ClCompile>
    <ClCompile Include="1.C.c">
      <Filter>源文件</Filter>
    </ClCompile>
    <ClCompile Include="1.D.c">
      <Filter>源文件</Filter>
    </ClCompile>
    <ClCompile Include="1.E.c">
      <Filter>源文件</Filter>
    </ClCompile>
    <ClCompile Include="1.F.c">
      <Filter>源文件</Filter>
    </ClCompile>
    <ClCompile Include="1.G.c">
      <Filter>源文件</Filter>
    </ClCompile>
    <ClCompile Include="1.H.c">
      <Filter>源文件</Filter>
    </ClCompile>
    <ClCompile Include="1.I.c">
      <Filter>源文件</Filter>
    </ClCompile>
    <ClCompile Include="1.J.c">
      <Filter>源文件</Filter>
    </ClCompile>
    <ClCompile Include="1.K.c">
      <Filter>源文件</Filter>
    </ClCompile>
    <ClCompile Include="1.L.c">
      <Filter>源文件</Filter>
    </ClCompile>
    <ClCompile Include="2.A.c">
      <Filter>源文件</Filter>
    </ClCompile>
    <ClCompile Include="2.B.c">
      <Filter>源文件</Filter>
    </ClCompile>
    <ClCompile Include="2.B.cpp">
      <Filter>源文件</Filter>
    </ClCompile>
    <ClCompile Include="2.C.c">
      <Filter>源文件</Filter>
    </ClCompile>
    <ClCompile Include="2.C.cpp">
      <Filter>源文件</Filter>
    </ClCompile>
    <ClCompile Include="2.D.c">
      <Filter>源文件</Filter>
    </ClCompile>
    <ClCompile Include="2.E.c">
      <Filter>源文件</Filter>
    </ClCompile>
    <ClCompile Include="2.F.c">
      <Filter>源文件</Filter>
    </ClCompile>
    <ClCompile Include="2.G.c">
      <Filter>源文件</Filter>
    </ClCompile>
    <ClCompile Include="1.A.c">
      <Filter>源文件</Filter>
    </ClCompile>
    <ClCompile Include="0.deflaut.c">
      <Filter>源文件</Filter>
    </ClCompile>
    <ClCompile Include="0.deflaut.cpp">
      <Filter>源文件</Filter>
    </ClCompile>
    <ClCompile Include="2.H.c">
      <Filter>源文件</Filter>
    </ClCompile>
    <ClCompile Include="2.H.cpp">
      <Filter>源文件</Filter>
    </ClCompile>
    <ClCompile Include="3.A.c">
      <Filter>源文件</Filter>
    </ClCompile>
    <ClCompile Include="3.A.cpp">
      <Filter>源文件</Filter>
    </ClCompile>
    <ClCompile Include="3.B.c">
      <Filter>源文件</Filter>
    </ClCompile>
    <ClCompile Include="3.C.c">
      <Filter>源文件</Filter>
    </ClCompile>
    <ClCompile Include="3.D.c">
      <Filter>源文件</Filter>
    </ClCompile>
    <ClCompile Include="3.E.c">
      <Filter>源文件</Filter>
    </ClCompile>
    <ClCompile Include="3.H.c">
      <Filter>源文件</Filter>
    </ClCompile>
    <ClCompile Include="3.F.c">
      <Filter>源文件</Filter>
    </ClCompile>
    <ClCompile Include="3.G.c">
      <Filter>源文件</Filter>
    </ClCompile>
    <ClCompile Include="4.A.c">
      <Filter>源文件</Filter>
    </ClCompile>
    <ClCompile Include="4.B.c">
      <Filter>源文件</Filter>
    </ClCompile>
    <ClCompile Include="4.C.c">
      <Filter>源文件</Filter>
    </ClCompile>
    <ClCompile Include="4.D.c">
      <Filter>源文件</Filter>
    </ClCompile>
    <ClCompile Include="5.A.c">
      <Filter>源文件</Filter>
    </ClCompile>
    <ClCompile Include="5.B.c">
      <Filter>源文件</Filter>
    </ClCompile>
    <ClCompile Include="5.C.c">
      <Filter>源文件</Filter>
    </ClCompile>
    <ClCompile Include="5.D.c">
      <Filter>源文件</Filter>
    </ClCompile>
    <ClCompile Include="5.E.c">
      <Filter>源文件</Filter>
    </ClCompile>
    <ClCompile Include="5.D-张祎涵·.c">
      <Filter>源文件</Filter>
    </ClCompile>
    <ClCompile Include="6.A.c">
      <Filter>源文件</Filter>
    </ClCompile>
    <ClCompile Include="6.B.c">
      <Filter>源文件</Filter>
    </ClCompile>
    <ClCompile Include="6.C.c">
      <Filter>源文件</Filter>
    </ClCompile>
    <ClCompile Include="6.D.c">
      <Filter>源文件</Filter>
    </ClCompile>
    <ClCompile Include="6.E.c">
      <Filter>源文件</Filter>
    </ClCompile>
    <ClCompile Include="7.A.c">
      <Filter>源文件</Filter>
    </ClCompile>
    <ClCompile Include="7.B.c">
      <Filter>源文件</Filter>
    </ClCompile>
    <ClCompile Include="7.C.c">
      <Filter>源文件</Filter>
    </ClCompile>
    <ClCompile Include="7.D.c">
      <Filter>源文件</Filter>
    </ClCompile>
    <ClCompile Include="7.E.c">
      <Filter>源文件</Filter>
    </ClCompile>
    <ClCompile Include="8.A.c">
      <Filter>源文件</Filter>
    </ClCompile>
    <ClCompile Include="8.B.c">
      <Filter>源文件</Filter>
    </ClCompile>
    <ClCompile Include="8.C.c">
      <Filter>源文件</Filter>
    </ClCompile>
    <ClCompile Include="8.D.c">
      <Filter>源文件</Filter>
    </ClCompile>
    <ClCompile Include="8.E.c">
      <Filter>源文件</Filter>
    </ClCompile>
    <ClCompile Include="8.F.c">
      <Filter>源文件</Filter>
    </ClCompile>
    <ClCompile Include="8.G.c">
      <Filter>源文件</Filter>
    </ClCompile>
    <ClCompile Include="9.A.c">
      <Filter>源文件</Filter>
    </ClCompile>
    <ClCompile Include="9.B.c">
      <Filter>源文件</Filter>
    </ClCompile>
    <ClCompile Include="9.C.c">
      <Filter>源文件</Filter>
    </ClCompile>
    <ClCompile Include="9.D.c">
      <Filter>源文件</Filter>
    </ClCompile>
    <ClCompile Include="9.E.c">
      <Filter>源文件</Filter>
    </ClCompile>
    <ClCompile Include="9.F.c">
      <Filter>源文件</Filter>
    </ClCompile>
    <ClCompile Include="10.A.c">
      <Filter>源文件</Filter>
    </ClCompile>
    <ClCompile Include="10.B.c">
      <Filter>源文件</Filter>
    </ClCompile>
    <ClCompile Include="10.C.c">
      <Filter>源文件</Filter>
    </ClCompile>
  </ItemGroup>
</Project>